{
  "version": "4",
  "specifiers": {
    "jsr:@kazupon/args-tokens@*": "0.3.2"
  },
  "jsr": {
    "@kazupon/args-tokens@0.3.2": {
      "integrity": "72d6666abc92c6531c9fa2c7a05b879715440afa2beea9fd56723636aa95717b"
    }
  },
  "workspace": {
    "dependencies": [
      "jsr:@kazupon/args-tokens@~0.3.2"
    ]
  }
}
